
Microsoft Visual Studio Solution File, Format Version 12.00
# Visual Studio Version 17
VisualStudioVersion = 17.5.33627.172
MinimumVisualStudioVersion = 10.0.40219.1
Project("{9A19103F-16F7-4668-BE54-9A1E7A4F7556}") = "ReWork_WPF", "ReWork_WPF\ReWork_WPF.csproj", "{EA354CDF-254F-466F-BC10-7D01973B2A13}"
EndProject
Project("{9A19103F-16F7-4668-BE54-9A1E7A4F7556}") = "Rework_WPF_Testing", "Rework_WPF_Testing\Rework_WPF_Testing.csproj", "{73E8F914-9121-4236-B44D-C4346D48A4B9}"
EndProject
Global
	GlobalSection(SolutionConfigurationPlatforms) = preSolution
		Debug|Any CPU = Debug|Any CPU
		Release|Any CPU = Release|Any CPU
	EndGlobalSection
	GlobalSection(ProjectConfigurationPlatforms) = postSolution
		{EA354CDF-254F-466F-BC10-7D01973B2A13}.Debug|Any CPU.ActiveCfg = Debug|Any CPU
		{EA354CDF-254F-466F-BC10-7D01973B2A13}.Debug|Any CPU.Build.0 = Debug|Any CPU
		{EA354CDF-254F-466F-BC10-7D01973B2A13}.Release|Any CPU.ActiveCfg = Release|Any CPU
		{EA354CDF-254F-466F-BC10-7D01973B2A13}.Release|Any CPU.Build.0 = Release|Any CPU
		{73E8F914-9121-4236-B44D-C4346D48A4B9}.Debug|Any CPU.ActiveCfg = Debug|Any CPU
		{73E8F914-9121-4236-B44D-C4346D48A4B9}.Debug|Any CPU.Build.0 = Debug|Any CPU
		{73E8F914-9121-4236-B44D-C4346D48A4B9}.Release|Any CPU.ActiveCfg = Release|Any CPU
		{73E8F914-9121-4236-B44D-C4346D48A4B9}.Release|Any CPU.Build.0 = Release|Any CPU
	EndGlobalSection
	GlobalSection(SolutionProperties) = preSolution
		HideSolutionNode = FALSE
	EndGlobalSection
	GlobalSection(ExtensibilityGlobals) = postSolution
		SolutionGuid = {8D2D0A89-7B1B-4B5D-AE86-6C8141382A58}
	EndGlobalSection
EndGlobal
